
Microsoft Visual Studio Solution File, Format Version 12.00
# Visual Studio Version 16
VisualStudioVersion = 16.0.31025.194
MinimumVisualStudioVersion = 10.0.40219.1
Project("{FAE04EC0-301F-11D3-BF4B-00C04F79EFBC}") = "GPSNotebook.Android", "GPSNotebook\GPSNotebook.Android\GPSNotebook.Android.csproj", "{6DDBEE3D-B716-4140-A020-E484FC08656F}"
EndProject
Project("{FAE04EC0-301F-11D3-BF4B-00C04F79EFBC}") = "GPSNotebook.iOS", "GPSNotebook\GPSNotebook.iOS\GPSNotebook.iOS.csproj", "{71BFF4B5-549B-48C6-85C2-0449023BC973}"
EndProject
Project("{FAE04EC0-301F-11D3-BF4B-00C04F79EFBC}") = "GPSNotebook", "GPSNotebook\GPSNotebook\GPSNotebook.csproj", "{B0A290E0-E669-4A59-9F58-CA562BF65EC0}"
EndProject
Global
	GlobalSection(SolutionConfigurationPlatforms) = preSolution
		Debug|Any CPU = Debug|Any CPU
		Debug|iPhone = Debug|iPhone
		Debug|iPhoneSimulator = Debug|iPhoneSimulator
		Release|Any CPU = Release|Any CPU
		Release|iPhone = Release|iPhone
		Release|iPhoneSimulator = Release|iPhoneSimulator
	EndGlobalSection
	GlobalSection(ProjectConfigurationPlatforms) = postSolution
		{6DDBEE3D-B716-4140-A020-E484FC08656F}.Debug|Any CPU.ActiveCfg = Debug|Any CPU
		{6DDBEE3D-B716-4140-A020-E484FC08656F}.Debug|Any CPU.Build.0 = Debug|Any CPU
		{6DDBEE3D-B716-4140-A020-E484FC08656F}.Debug|Any CPU.Deploy.0 = Debug|Any CPU
		{6DDBEE3D-B716-4140-A020-E484FC08656F}.Debug|iPhone.ActiveCfg = Debug|Any CPU
		{6DDBEE3D-B716-4140-A020-E484FC08656F}.Debug|iPhone.Build.0 = Debug|Any CPU
		{6DDBEE3D-B716-4140-A020-E484FC08656F}.Debug|iPhone.Deploy.0 = Debug|Any CPU
		{6DDBEE3D-B716-4140-A020-E484FC08656F}.Debug|iPhoneSimulator.ActiveCfg = Debug|Any CPU
		{6DDBEE3D-B716-4140-A020-E484FC08656F}.Debug|iPhoneSimulator.Build.0 = Debug|Any CPU
		{6DDBEE3D-B716-4140-A020-E484FC08656F}.Debug|iPhoneSimulator.Deploy.0 = Debug|Any CPU
		{6DDBEE3D-B716-4140-A020-E484FC08656F}.Release|Any CPU.ActiveCfg = Release|Any CPU
		{6DDBEE3D-B716-4140-A020-E484FC08656F}.Release|Any CPU.Build.0 = Release|Any CPU
		{6DDBEE3D-B716-4140-A020-E484FC08656F}.Release|Any CPU.Deploy.0 = Release|Any CPU
		{6DDBEE3D-B716-4140-A020-E484FC08656F}.Release|iPhone.ActiveCfg = Release|Any CPU
		{6DDBEE3D-B716-4140-A020-E484FC08656F}.Release|iPhone.Build.0 = Release|Any CPU
		{6DDBEE3D-B716-4140-A020-E484FC08656F}.Release|iPhone.Deploy.0 = Release|Any CPU
		{6DDBEE3D-B716-4140-A020-E484FC08656F}.Release|iPhoneSimulator.ActiveCfg = Release|Any CPU
		{6DDBEE3D-B716-4140-A020-E484FC08656F}.Release|iPhoneSimulator.Build.0 = Release|Any CPU
		{6DDBEE3D-B716-4140-A020-E484FC08656F}.Release|iPhoneSimulator.Deploy.0 = Release|Any CPU
		{71BFF4B5-549B-48C6-85C2-0449023BC973}.Debug|Any CPU.ActiveCfg = Debug|iPhone
		{71BFF4B5-549B-48C6-85C2-0449023BC973}.Debug|Any CPU.Build.0 = Debug|iPhone
		{71BFF4B5-549B-48C6-85C2-0449023BC973}.Debug|Any CPU.Deploy.0 = Debug|iPhone
		{71BFF4B5-549B-48C6-85C2-0449023BC973}.Debug|iPhone.ActiveCfg = Debug|iPhone
		{71BFF4B5-549B-48C6-85C2-0449023BC973}.Debug|iPhone.Build.0 = Debug|iPhone
		{71BFF4B5-549B-48C6-85C2-0449023BC973}.Debug|iPhone.Deploy.0 = Debug|iPhone
		{71BFF4B5-549B-48C6-85C2-0449023BC973}.Debug|iPhoneSimulator.ActiveCfg = Debug|iPhoneSimulator
		{71BFF4B5-549B-48C6-85C2-0449023BC973}.Debug|iPhoneSimulator.Build.0 = Debug|iPhoneSimulator
		{71BFF4B5-549B-48C6-85C2-0449023BC973}.Debug|iPhoneSimulator.Deploy.0 = Debug|iPhoneSimulator
		{71BFF4B5-549B-48C6-85C2-0449023BC973}.Release|Any CPU.ActiveCfg = Release|iPhoneSimulator
		{71BFF4B5-549B-48C6-85C2-0449023BC973}.Release|Any CPU.Build.0 = Release|iPhoneSimulator
		{71BFF4B5-549B-48C6-85C2-0449023BC973}.Release|Any CPU.Deploy.0 = Release|iPhoneSimulator
		{71BFF4B5-549B-48C6-85C2-0449023BC973}.Release|iPhone.ActiveCfg = Release|iPhone
		{71BFF4B5-549B-48C6-85C2-0449023BC973}.Release|iPhone.Build.0 = Release|iPhone
		{71BFF4B5-549B-48C6-85C2-0449023BC973}.Release|iPhone.Deploy.0 = Release|iPhone
		{71BFF4B5-549B-48C6-85C2-0449023BC973}.Release|iPhoneSimulator.ActiveCfg = Release|iPhoneSimulator
		{71BFF4B5-549B-48C6-85C2-0449023BC973}.Release|iPhoneSimulator.Build.0 = Release|iPhoneSimulator
		{71BFF4B5-549B-48C6-85C2-0449023BC973}.Release|iPhoneSimulator.Deploy.0 = Release|iPhoneSimulator
		{B0A290E0-E669-4A59-9F58-CA562BF65EC0}.Debug|Any CPU.ActiveCfg = Debug|Any CPU
		{B0A290E0-E669-4A59-9F58-CA562BF65EC0}.Debug|Any CPU.Build.0 = Debug|Any CPU
		{B0A290E0-E669-4A59-9F58-CA562BF65EC0}.Debug|Any CPU.Deploy.0 = Debug|Any CPU
		{B0A290E0-E669-4A59-9F58-CA562BF65EC0}.Debug|iPhone.ActiveCfg = Debug|Any CPU
		{B0A290E0-E669-4A59-9F58-CA562BF65EC0}.Debug|iPhone.Build.0 = Debug|Any CPU
		{B0A290E0-E669-4A59-9F58-CA562BF65EC0}.Debug|iPhone.Deploy.0 = Debug|Any CPU
		{B0A290E0-E669-4A59-9F58-CA562BF65EC0}.Debug|iPhoneSimulator.ActiveCfg = Debug|Any CPU
		{B0A290E0-E669-4A59-9F58-CA562BF65EC0}.Debug|iPhoneSimulator.Build.0 = Debug|Any CPU
		{B0A290E0-E669-4A59-9F58-CA562BF65EC0}.Debug|iPhoneSimulator.Deploy.0 = Debug|Any CPU
		{B0A290E0-E669-4A59-9F58-CA562BF65EC0}.Release|Any CPU.ActiveCfg = Release|Any CPU
		{B0A290E0-E669-4A59-9F58-CA562BF65EC0}.Release|Any CPU.Build.0 = Release|Any CPU
		{B0A290E0-E669-4A59-9F58-CA562BF65EC0}.Release|Any CPU.Deploy.0 = Release|Any CPU
		{B0A290E0-E669-4A59-9F58-CA562BF65EC0}.Release|iPhone.ActiveCfg = Release|Any CPU
		{B0A290E0-E669-4A59-9F58-CA562BF65EC0}.Release|iPhone.Build.0 = Release|Any CPU
		{B0A290E0-E669-4A59-9F58-CA562BF65EC0}.Release|iPhone.Deploy.0 = Release|Any CPU
		{B0A290E0-E669-4A59-9F58-CA562BF65EC0}.Release|iPhoneSimulator.ActiveCfg = Release|Any CPU
		{B0A290E0-E669-4A59-9F58-CA562BF65EC0}.Release|iPhoneSimulator.Build.0 = Release|Any CPU
		{B0A290E0-E669-4A59-9F58-CA562BF65EC0}.Release|iPhoneSimulator.Deploy.0 = Release|Any CPU
	EndGlobalSection
	GlobalSection(SolutionProperties) = preSolution
		HideSolutionNode = FALSE
	EndGlobalSection
	GlobalSection(ExtensibilityGlobals) = postSolution
		SolutionGuid = {19310198-76DC-46E4-95D6-7E8339596BE0}
	EndGlobalSection
EndGlobal
